// !$*UTF8*$!
{
	archiveVersion = 1;
	classes = {
	};
	objectVersion = 46;
	objects = {

/* Begin PBXBuildFile section */
		691B9D7E1B5B3CDA00774068 /* EventInputViewController.m in Sources */ = {isa = PBXBuildFile; fileRef = 691B9D7D1B5B3CDA00774068 /* EventInputViewController.m */; };
		691B9D811B5B3E6100774068 /* ExpenseInputViewController.m in Sources */ = {isa = PBXBuildFile; fileRef = 691B9D801B5B3E6100774068 /* ExpenseInputViewController.m */; };
		691B9D841B5B3EC200774068 /* PricedTableItem.m in Sources */ = {isa = PBXBuildFile; fileRef = 691B9D831B5B3EC200774068 /* PricedTableItem.m */; };
		698683B11B250E0700F0FB96 /* InputViewController.m in Sources */ = {isa = PBXBuildFile; fileRef = 698683B01B250E0700F0FB96 /* InputViewController.m */; };
		698E368A1B2258E200B2AD03 /* main.m in Sources */ = {isa = PBXBuildFile; fileRef = 698E36891B2258E200B2AD03 /* main.m */; };
		698E368D1B2258E200B2AD03 /* AppDelegate.m in Sources */ = {isa = PBXBuildFile; fileRef = 698E368C1B2258E200B2AD03 /* AppDelegate.m */; };
		698E36901B2258E200B2AD03 /* ViewController.m in Sources */ = {isa = PBXBuildFile; fileRef = 698E368F1B2258E200B2AD03 /* ViewController.m */; };
		698E36931B2258E200B2AD03 /* Main.storyboard in Resources */ = {isa = PBXBuildFile; fileRef = 698E36911B2258E200B2AD03 /* Main.storyboard */; };
		698E36951B2258E200B2AD03 /* Images.xcassets in Resources */ = {isa = PBXBuildFile; fileRef = 698E36941B2258E200B2AD03 /* Images.xcassets */; };
		698E36981B2258E200B2AD03 /* LaunchScreen.xib in Resources */ = {isa = PBXBuildFile; fileRef = 698E36961B2258E200B2AD03 /* LaunchScreen.xib */; };
		698E36A41B2258E200B2AD03 /* ReceiptRegisterTests.m in Sources */ = {isa = PBXBuildFile; fileRef = 698E36A31B2258E200B2AD03 /* ReceiptRegisterTests.m */; };
		698E36B81B22592A00B2AD03 /* Event.m in Sources */ = {isa = PBXBuildFile; fileRef = 698E36B01B22592A00B2AD03 /* Event.m */; };
		698E36B91B22592A00B2AD03 /* EventTableViewController.m in Sources */ = {isa = PBXBuildFile; fileRef = 698E36B21B22592A00B2AD03 /* EventTableViewController.m */; };
		698E36BA1B22592A00B2AD03 /* Expense.m in Sources */ = {isa = PBXBuildFile; fileRef = 698E36B41B22592A00B2AD03 /* Expense.m */; };
		698E36BB1B22592A00B2AD03 /* ExpenseTableViewController.m in Sources */ = {isa = PBXBuildFile; fileRef = 698E36B61B22592A00B2AD03 /* ExpenseTableViewController.m */; };
		69A994CD1B6AF30600F0BEC6 /* User.m in Sources */ = {isa = PBXBuildFile; fileRef = 69A994CC1B6AF30600F0BEC6 /* User.m */; };
		69FF4E1C1B6086A80061F673 /* pineapple.jpg in Resources */ = {isa = PBXBuildFile; fileRef = 69FF4E1B1B6086A80061F673 /* pineapple.jpg */; };
		69FF4E1E1B6087880061F673 /* profile.png in Resources */ = {isa = PBXBuildFile; fileRef = 69FF4E1D1B6087880061F673 /* profile.png */; };
		69FF4E211B608A010061F673 /* FavoritesTableViewController.m in Sources */ = {isa = PBXBuildFile; fileRef = 69FF4E201B608A010061F673 /* FavoritesTableViewController.m */; };
/* End PBXBuildFile section */

/* Begin PBXContainerItemProxy section */
		698E369E1B2258E200B2AD03 /* PBXContainerItemProxy */ = {
			isa = PBXContainerItemProxy;
			containerPortal = 698E367C1B2258E200B2AD03 /* Project object */;
			proxyType = 1;
			remoteGlobalIDString = 698E36831B2258E200B2AD03;
			remoteInfo = ReceiptRegister;
		};
/* End PBXContainerItemProxy section */

/* Begin PBXFileReference section */
		691B9D7C1B5B3CDA00774068 /* EventInputViewController.h */ = {isa = PBXFileReference; fileEncoding = 4; lastKnownFileType = sourcecode.c.h; path = EventInputViewController.h; sourceTree = "<group>"; };
		691B9D7D1B5B3CDA00774068 /* EventInputViewController.m */ = {isa = PBXFileReference; fileEncoding = 4; lastKnownFileType = sourcecode.c.objc; path = EventInputViewController.m; sourceTree = "<group>"; };
		691B9D7F1B5B3E6100774068 /* ExpenseInputViewController.h */ = {isa = PBXFileReference; fileEncoding = 4; lastKnownFileType = sourcecode.c.h; path = ExpenseInputViewController.h; sourceTree = "<group>"; };
		691B9D801B5B3E6100774068 /* ExpenseInputViewController.m */ = {isa = PBXFileReference; fileEncoding = 4; lastKnownFileType = sourcecode.c.objc; path = ExpenseInputViewController.m; sourceTree = "<group>"; };
		691B9D821B5B3EC200774068 /* PricedTableItem.h */ = {isa = PBXFileReference; fileEncoding = 4; lastKnownFileType = sourcecode.c.h; path = PricedTableItem.h; sourceTree = "<group>"; };
		691B9D831B5B3EC200774068 /* PricedTableItem.m */ = {isa = PBXFileReference; fileEncoding = 4; lastKnownFileType = sourcecode.c.objc; path = PricedTableItem.m; sourceTree = "<group>"; };
		698683AF1B250E0700F0FB96 /* InputViewController.h */ = {isa = PBXFileReference; fileEncoding = 4; lastKnownFileType = sourcecode.c.h; path = InputViewController.h; sourceTree = "<group>"; };
		698683B01B250E0700F0FB96 /* InputViewController.m */ = {isa = PBXFileReference; fileEncoding = 4; lastKnownFileType = sourcecode.c.objc; path = InputViewController.m; sourceTree = "<group>"; };
		698E36841B2258E200B2AD03 /* ReceiptRegister.app */ = {isa = PBXFileReference; explicitFileType = wrapper.application; includeInIndex = 0; path = ReceiptRegister.app; sourceTree = BUILT_PRODUCTS_DIR; };
		698E36881B2258E200B2AD03 /* Info.plist */ = {isa = PBXFileReference; lastKnownFileType = text.plist.xml; path = Info.plist; sourceTree = "<group>"; };
		698E36891B2258E200B2AD03 /* main.m */ = {isa = PBXFileReference; lastKnownFileType = sourcecode.c.objc; path = main.m; sourceTree = "<group>"; };
		698E368B1B2258E200B2AD03 /* AppDelegate.h */ = {isa = PBXFileReference; lastKnownFileType = sourcecode.c.h; path = AppDelegate.h; sourceTree = "<group>"; };
		698E368C1B2258E200B2AD03 /* AppDelegate.m */ = {isa = PBXFileReference; lastKnownFileType = sourcecode.c.objc; path = AppDelegate.m; sourceTree = "<group>"; };
		698E368E1B2258E200B2AD03 /* ViewController.h */ = {isa = PBXFileReference; lastKnownFileType = sourcecode.c.h; path = ViewController.h; sourceTree = "<group>"; };
		698E368F1B2258E200B2AD03 /* ViewController.m */ = {isa = PBXFileReference; lastKnownFileType = sourcecode.c.objc; path = ViewController.m; sourceTree = "<group>"; };
		698E36921B2258E200B2AD03 /* Base */ = {isa = PBXFileReference; lastKnownFileType = file.storyboard; name = Base; path = Base.lproj/Main.storyboard; sourceTree = "<group>"; };
		698E36941B2258E200B2AD03 /* Images.xcassets */ = {isa = PBXFileReference; lastKnownFileType = folder.assetcatalog; path = Images.xcassets; sourceTree = "<group>"; };
		698E36971B2258E200B2AD03 /* Base */ = {isa = PBXFileReference; lastKnownFileType = file.xib; name = Base; path = Base.lproj/LaunchScreen.xib; sourceTree = "<group>"; };
		698E369D1B2258E200B2AD03 /* ReceiptRegisterTests.xctest */ = {isa = PBXFileReference; explicitFileType = wrapper.cfbundle; includeInIndex = 0; path = ReceiptRegisterTests.xctest; sourceTree = BUILT_PRODUCTS_DIR; };
		698E36A21B2258E200B2AD03 /* Info.plist */ = {isa = PBXFileReference; lastKnownFileType = text.plist.xml; path = Info.plist; sourceTree = "<group>"; };
		698E36A31B2258E200B2AD03 /* ReceiptRegisterTests.m */ = {isa = PBXFileReference; lastKnownFileType = sourcecode.c.objc; path = ReceiptRegisterTests.m; sourceTree = "<group>"; };
		698E36AF1B22592A00B2AD03 /* Event.h */ = {isa = PBXFileReference; fileEncoding = 4; lastKnownFileType = sourcecode.c.h; path = Event.h; sourceTree = "<group>"; };
		698E36B01B22592A00B2AD03 /* Event.m */ = {isa = PBXFileReference; fileEncoding = 4; lastKnownFileType = sourcecode.c.objc; path = Event.m; sourceTree = "<group>"; };
		698E36B11B22592A00B2AD03 /* EventTableViewController.h */ = {isa = PBXFileReference; fileEncoding = 4; lastKnownFileType = sourcecode.c.h; path = EventTableViewController.h; sourceTree = "<group>"; };
		698E36B21B22592A00B2AD03 /* EventTableViewController.m */ = {isa = PBXFileReference; fileEncoding = 4; lastKnownFileType = sourcecode.c.objc; path = EventTableViewController.m; sourceTree = "<group>"; };
		698E36B31B22592A00B2AD03 /* Expense.h */ = {isa = PBXFileReference; fileEncoding = 4; lastKnownFileType = sourcecode.c.h; path = Expense.h; sourceTree = "<group>"; };
		698E36B41B22592A00B2AD03 /* Expense.m */ = {isa = PBXFileReference; fileEncoding = 4; lastKnownFileType = sourcecode.c.objc; path = Expense.m; sourceTree = "<group>"; };
		698E36B51B22592A00B2AD03 /* ExpenseTableViewController.h */ = {isa = PBXFileReference; fileEncoding = 4; lastKnownFileType = sourcecode.c.h; path = ExpenseTableViewController.h; sourceTree = "<group>"; };
		698E36B61B22592A00B2AD03 /* ExpenseTableViewController.m */ = {isa = PBXFileReference; fileEncoding = 4; lastKnownFileType = sourcecode.c.objc; path = ExpenseTableViewController.m; sourceTree = "<group>"; };
		69A994CB1B6AF30600F0BEC6 /* User.h */ = {isa = PBXFileReference; fileEncoding = 4; lastKnownFileType = sourcecode.c.h; path = User.h; sourceTree = "<group>"; };
		69A994CC1B6AF30600F0BEC6 /* User.m */ = {isa = PBXFileReference; fileEncoding = 4; lastKnownFileType = sourcecode.c.objc; path = User.m; sourceTree = "<group>"; };
		69FF4E1B1B6086A80061F673 /* pineapple.jpg */ = {isa = PBXFileReference; lastKnownFileType = image.jpeg; path = pineapple.jpg; sourceTree = "<group>"; };
		69FF4E1D1B6087880061F673 /* profile.png */ = {isa = PBXFileReference; lastKnownFileType = image.png; path = profile.png; sourceTree = "<group>"; };
		69FF4E1F1B608A010061F673 /* FavoritesTableViewController.h */ = {isa = PBXFileReference; fileEncoding = 4; lastKnownFileType = sourcecode.c.h; path = FavoritesTableViewController.h; sourceTree = "<group>"; };
		69FF4E201B608A010061F673 /* FavoritesTableViewController.m */ = {isa = PBXFileReference; fileEncoding = 4; lastKnownFileType = sourcecode.c.objc; path = FavoritesTableViewController.m; sourceTree = "<group>"; };
/* End PBXFileReference section */

/* Begin PBXFrameworksBuildPhase section */
		698E36811B2258E200B2AD03 /* Frameworks */ = {
			isa = PBXFrameworksBuildPhase;
			buildActionMask = 2147483647;
			files = (
			);
			runOnlyForDeploymentPostprocessing = 0;
		};
		698E369A1B2258E200B2AD03 /* Frameworks */ = {
			isa = PBXFrameworksBuildPhase;
			buildActionMask = 2147483647;
			files = (
			);
			runOnlyForDeploymentPostprocessing = 0;
		};
/* End PBXFrameworksBuildPhase section */

/* Begin PBXGroup section */
		698E367B1B2258E200B2AD03 = {
			isa = PBXGroup;
			children = (
				698E36861B2258E200B2AD03 /* ReceiptRegister */,
				698E36A01B2258E200B2AD03 /* ReceiptRegisterTests */,
				698E36851B2258E200B2AD03 /* Products */,
			);
			sourceTree = "<group>";
		};
		698E36851B2258E200B2AD03 /* Products */ = {
			isa = PBXGroup;
			children = (
				698E36841B2258E200B2AD03 /* ReceiptRegister.app */,
				698E369D1B2258E200B2AD03 /* ReceiptRegisterTests.xctest */,
			);
			name = Products;
			sourceTree = "<group>";
		};
		698E36861B2258E200B2AD03 /* ReceiptRegister */ = {
			isa = PBXGroup;
			children = (
				69FF4E1D1B6087880061F673 /* profile.png */,
				69FF4E1B1B6086A80061F673 /* pineapple.jpg */,
				698E36B51B22592A00B2AD03 /* ExpenseTableViewController.h */,
				698E36B61B22592A00B2AD03 /* ExpenseTableViewController.m */,
				698E36B11B22592A00B2AD03 /* EventTableViewController.h */,
				698E36B21B22592A00B2AD03 /* EventTableViewController.m */,
				698683AF1B250E0700F0FB96 /* InputViewController.h */,
				698683B01B250E0700F0FB96 /* InputViewController.m */,
				69FF4E1F1B608A010061F673 /* FavoritesTableViewController.h */,
				69FF4E201B608A010061F673 /* FavoritesTableViewController.m */,
				691B9D7C1B5B3CDA00774068 /* EventInputViewController.h */,
				691B9D7D1B5B3CDA00774068 /* EventInputViewController.m */,
				691B9D7F1B5B3E6100774068 /* ExpenseInputViewController.h */,
				691B9D801B5B3E6100774068 /* ExpenseInputViewController.m */,
				698E36AF1B22592A00B2AD03 /* Event.h */,
				698E36B01B22592A00B2AD03 /* Event.m */,
				698E36B31B22592A00B2AD03 /* Expense.h */,
				698E36B41B22592A00B2AD03 /* Expense.m */,
				691B9D821B5B3EC200774068 /* PricedTableItem.h */,
				691B9D831B5B3EC200774068 /* PricedTableItem.m */,
				69A994CB1B6AF30600F0BEC6 /* User.h */,
				69A994CC1B6AF30600F0BEC6 /* User.m */,
				698E368B1B2258E200B2AD03 /* AppDelegate.h */,
				698E368C1B2258E200B2AD03 /* AppDelegate.m */,
				698E368E1B2258E200B2AD03 /* ViewController.h */,
				698E368F1B2258E200B2AD03 /* ViewController.m */,
				698E36911B2258E200B2AD03 /* Main.storyboard */,
				698E36941B2258E200B2AD03 /* Images.xcassets */,
				698E36961B2258E200B2AD03 /* LaunchScreen.xib */,
				698E36871B2258E200B2AD03 /* Supporting Files */,
			);
			path = ReceiptRegister;
			sourceTree = "<group>";
		};
		698E36871B2258E200B2AD03 /* Supporting Files */ = {
			isa = PBXGroup;
			children = (
				698E36881B2258E200B2AD03 /* Info.plist */,
				698E36891B2258E200B2AD03 /* main.m */,
			);
			name = "Supporting Files";
			sourceTree = "<group>";
		};
		698E36A01B2258E200B2AD03 /* ReceiptRegisterTests */ = {
			isa = PBXGroup;
			children = (
				698E36A31B2258E200B2AD03 /* ReceiptRegisterTests.m */,
				698E36A11B2258E200B2AD03 /* Supporting Files */,
			);
			path = ReceiptRegisterTests;
			sourceTree = "<group>";
		};
		698E36A11B2258E200B2AD03 /* Supporting Files */ = {
			isa = PBXGroup;
			children = (
				698E36A21B2258E200B2AD03 /* Info.plist */,
			);
			name = "Supporting Files";
			sourceTree = "<group>";
		};
/* End PBXGroup section */

/* Begin PBXNativeTarget section */
		698E36831B2258E200B2AD03 /* ReceiptRegister */ = {
			isa = PBXNativeTarget;
			buildConfigurationList = 698E36A71B2258E200B2AD03 /* Build configuration list for PBXNativeTarget "ReceiptRegister" */;
			buildPhases = (
				698E36801B2258E200B2AD03 /* Sources */,
				698E36811B2258E200B2AD03 /* Frameworks */,
				698E36821B2258E200B2AD03 /* Resources */,
			);
			buildRules = (
			);
			dependencies = (
			);
			name = ReceiptRegister;
			productName = ReceiptRegister;
			productReference = 698E36841B2258E200B2AD03 /* ReceiptRegister.app */;
			productType = "com.apple.product-type.application";
		};
		698E369C1B2258E200B2AD03 /* ReceiptRegisterTests */ = {
			isa = PBXNativeTarget;
			buildConfigurationList = 698E36AA1B2258E200B2AD03 /* Build configuration list for PBXNativeTarget "ReceiptRegisterTests" */;
			buildPhases = (
				698E36991B2258E200B2AD03 /* Sources */,
				698E369A1B2258E200B2AD03 /* Frameworks */,
				698E369B1B2258E200B2AD03 /* Resources */,
			);
			buildRules = (
			);
			dependencies = (
				698E369F1B2258E200B2AD03 /* PBXTargetDependency */,
			);
			name = ReceiptRegisterTests;
			productName = ReceiptRegisterTests;
			productReference = 698E369D1B2258E200B2AD03 /* ReceiptRegisterTests.xctest */;
			productType = "com.apple.product-type.bundle.unit-test";
		};
/* End PBXNativeTarget section */

/* Begin PBXProject section */
		698E367C1B2258E200B2AD03 /* Project object */ = {
			isa = PBXProject;
			attributes = {
				LastUpgradeCheck = 0630;
				ORGANIZATIONNAME = "Jayanth Devanathan";
				TargetAttributes = {
					698E36831B2258E200B2AD03 = {
						CreatedOnToolsVersion = 6.3.2;
					};
					698E369C1B2258E200B2AD03 = {
						CreatedOnToolsVersion = 6.3.2;
						TestTargetID = 698E36831B2258E200B2AD03;
					};
				};
			};
			buildConfigurationList = 698E367F1B2258E200B2AD03 /* Build configuration list for PBXProject "ReceiptRegister" */;
			compatibilityVersion = "Xcode 3.2";
			developmentRegion = English;
			hasScannedForEncodings = 0;
			knownRegions = (
				en,
				Base,
			);
			mainGroup = 698E367B1B2258E200B2AD03;
			productRefGroup = 698E36851B2258E200B2AD03 /* Products */;
			projectDirPath = "";
			projectRoot = "";
			targets = (
				698E36831B2258E200B2AD03 /* ReceiptRegister */,
				698E369C1B2258E200B2AD03 /* ReceiptRegisterTests */,
			);
		};
/* End PBXProject section */

/* Begin PBXResourcesBuildPhase section */
		698E36821B2258E200B2AD03 /* Resources */ = {
			isa = PBXResourcesBuildPhase;
			buildActionMask = 2147483647;
			files = (
				698E36931B2258E200B2AD03 /* Main.storyboard in Resources */,
				698E36981B2258E200B2AD03 /* LaunchScreen.xib in Resources */,
				69FF4E1C1B6086A80061F673 /* pineapple.jpg in Resources */,
				69FF4E1E1B6087880061F673 /* profile.png in Resources */,
				698E36951B2258E200B2AD03 /* Images.xcassets in Resources */,
			);
			runOnlyForDeploymentPostprocessing = 0;
		};
		698E369B1B2258E200B2AD03 /* Resources */ = {
			isa = PBXResourcesBuildPhase;
			buildActionMask = 2147483647;
			files = (
			);
			runOnlyForDeploymentPostprocessing = 0;
		};
/* End PBXResourcesBuildPhase section */

/* Begin PBXSourcesBuildPhase section */
		698E36801B2258E200B2AD03 /* Sources */ = {
			isa = PBXSourcesBuildPhase;
			buildActionMask = 2147483647;
			files = (
				69A994CD1B6AF30600F0BEC6 /* User.m in Sources */,
				698E36B91B22592A00B2AD03 /* EventTableViewController.m in Sources */,
				691B9D841B5B3EC200774068 /* PricedTableItem.m in Sources */,
				698E36901B2258E200B2AD03 /* ViewController.m in Sources */,
				69FF4E211B608A010061F673 /* FavoritesTableViewController.m in Sources */,
				698E36B81B22592A00B2AD03 /* Event.m in Sources */,
				698E36BA1B22592A00B2AD03 /* Expense.m in Sources */,
				691B9D811B5B3E6100774068 /* ExpenseInputViewController.m in Sources */,
				698E368D1B2258E200B2AD03 /* AppDelegate.m in Sources */,
				698E36BB1B22592A00B2AD03 /* ExpenseTableViewController.m in Sources */,
				698683B11B250E0700F0FB96 /* InputViewController.m in Sources */,
				698E368A1B2258E200B2AD03 /* main.m in Sources */,
				691B9D7E1B5B3CDA00774068 /* EventInputViewController.m in Sources */,
			);
			runOnlyForDeploymentPostprocessing = 0;
		};
		698E36991B2258E200B2AD03 /* Sources */ = {
			isa = PBXSourcesBuildPhase;
			buildActionMask = 2147483647;
			files = (
				698E36A41B2258E200B2AD03 /* ReceiptRegisterTests.m in Sources */,
			);
			runOnlyForDeploymentPostprocessing = 0;
		};
/* End PBXSourcesBuildPhase section */

/* Begin PBXTargetDependency section */
		698E369F1B2258E200B2AD03 /* PBXTargetDependency */ = {
			isa = PBXTargetDependency;
			target = 698E36831B2258E200B2AD03 /* ReceiptRegister */;
			targetProxy = 698E369E1B2258E200B2AD03 /* PBXContainerItemProxy */;
		};
/* End PBXTargetDependency section */

/* Begin PBXVariantGroup section */
		698E36911B2258E200B2AD03 /* Main.storyboard */ = {
			isa = PBXVariantGroup;
			children = (
				698E36921B2258E200B2AD03 /* Base */,
			);
			name = Main.storyboard;
			sourceTree = "<group>";
		};
		698E36961B2258E200B2AD03 /* LaunchScreen.xib */ = {
			isa = PBXVariantGroup;
			children = (
				698E36971B2258E200B2AD03 /* Base */,
			);
			name = LaunchScreen.xib;
			sourceTree = "<group>";
		};
/* End PBXVariantGroup section */

/* Begin XCBuildConfiguration section */
		698E36A51B2258E200B2AD03 /* Debug */ = {
			isa = XCBuildConfiguration;
			buildSettings = {
				ALWAYS_SEARCH_USER_PATHS = NO;
				CLANG_CXX_LANGUAGE_STANDARD = "gnu++0x";
				CLANG_CXX_LIBRARY = "libc++";
				CLANG_ENABLE_MODULES = YES;
				CLANG_ENABLE_OBJC_ARC = YES;
				CLANG_WARN_BOOL_CONVERSION = YES;
				CLANG_WARN_CONSTANT_CONVERSION = YES;
				CLANG_WARN_DIRECT_OBJC_ISA_USAGE = YES_ERROR;
				CLANG_WARN_EMPTY_BODY = YES;
				CLANG_WARN_ENUM_CONVERSION = YES;
				CLANG_WARN_INT_CONVERSION = YES;
				CLANG_WARN_OBJC_ROOT_CLASS = YES_ERROR;
				CLANG_WARN_UNREACHABLE_CODE = YES;
				CLANG_WARN__DUPLICATE_METHOD_MATCH = YES;
				"CODE_SIGN_IDENTITY[sdk=iphoneos*]" = "iPhone Developer";
				COPY_PHASE_STRIP = NO;
				DEBUG_INFORMATION_FORMAT = "dwarf-with-dsym";
				ENABLE_STRICT_OBJC_MSGSEND = YES;
				GCC_C_LANGUAGE_STANDARD = gnu99;
				GCC_DYNAMIC_NO_PIC = NO;
				GCC_NO_COMMON_BLOCKS = YES;
				GCC_OPTIMIZATION_LEVEL = 0;
				GCC_PREPROCESSOR_DEFINITIONS = (
					"DEBUG=1",
					"$(inherited)",
				);
				GCC_SYMBOLS_PRIVATE_EXTERN = NO;
				GCC_WARN_64_TO_32_BIT_CONVERSION = YES;
				GCC_WARN_ABOUT_RETURN_TYPE = YES_ERROR;
				GCC_WARN_UNDECLARED_SELECTOR = YES;
				GCC_WARN_UNINITIALIZED_AUTOS = YES_AGGRESSIVE;
				GCC_WARN_UNUSED_FUNCTION = YES;
				GCC_WARN_UNUSED_VARIABLE = YES;
				IPHONEOS_DEPLOYMENT_TARGET = 8.3;
				MTL_ENABLE_DEBUG_INFO = YES;
				ONLY_ACTIVE_ARCH = YES;
				SDKROOT = iphoneos;
				TARGETED_DEVICE_FAMILY = "1,2";
			};
			name = Debug;
		};
		698E36A61B2258E200B2AD03 /* Release */ = {
			isa = XCBuildConfiguration;
			buildSettings = {
				ALWAYS_SEARCH_USER_PATHS = NO;
				CLANG_CXX_LANGUAGE_STANDARD = "gnu++0x";
				CLANG_CXX_LIBRARY = "libc++";
				CLANG_ENABLE_MODULES = YES;
				CLANG_ENABLE_OBJC_ARC = YES;
				CLANG_WARN_BOOL_CONVERSION = YES;
				CLANG_WARN_CONSTANT_CONVERSION = YES;
				CLANG_WARN_DIRECT_OBJC_ISA_USAGE = YES_ERROR;
				CLANG_WARN_EMPTY_BODY = YES;
				CLANG_WARN_ENUM_CONVERSION = YES;
				CLANG_WARN_INT_CONVERSION = YES;
				CLANG_WARN_OBJC_ROOT_CLASS = YES_ERROR;
				CLANG_WARN_UNREACHABLE_CODE = YES;
				CLANG_WARN__DUPLICATE_METHOD_MATCH = YES;
				"CODE_SIGN_IDENTITY[sdk=iphoneos*]" = "iPhone Developer";
				COPY_PHASE_STRIP = NO;
				DEBUG_INFORMATION_FORMAT = "dwarf-with-dsym";
				ENABLE_NS_ASSERTIONS = NO;
				ENABLE_STRICT_OBJC_MSGSEND = YES;
				GCC_C_LANGUAGE_STANDARD = gnu99;
				GCC_NO_COMMON_BLOCKS = YES;
				GCC_WARN_64_TO_32_BIT_CONVERSION = YES;
				GCC_WARN_ABOUT_RETURN_TYPE = YES_ERROR;
				GCC_WARN_UNDECLARED_SELECTOR = YES;
				GCC_WARN_UNINITIALIZED_AUTOS = YES_AGGRESSIVE;
				GCC_WARN_UNUSED_FUNCTION = YES;
				GCC_WARN_UNUSED_VARIABLE = YES;
				IPHONEOS_DEPLOYMENT_TARGET = 8.3;
				MTL_ENABLE_DEBUG_INFO = NO;
				SDKROOT = iphoneos;
				TARGETED_DEVICE_FAMILY = "1,2";
				VALIDATE_PRODUCT = YES;
			};
			name = Release;
		};
		698E36A81B2258E200B2AD03 /* Debug */ = {
			isa = XCBuildConfiguration;
			buildSettings = {
				ASSETCATALOG_COMPILER_APPICON_NAME = AppIcon;
				INFOPLIST_FILE = ReceiptRegister/Info.plist;
				LD_RUNPATH_SEARCH_PATHS = "$(inherited) @executable_path/Frameworks";
				PRODUCT_NAME = "$(TARGET_NAME)";
			};
			name = Debug;
		};
		698E36A91B2258E200B2AD03 /* Release */ = {
			isa = XCBuildConfiguration;
			buildSettings = {
				ASSETCATALOG_COMPILER_APPICON_NAME = AppIcon;
				INFOPLIST_FILE = ReceiptRegister/Info.plist;
				LD_RUNPATH_SEARCH_PATHS = "$(inherited) @executable_path/Frameworks";
				PRODUCT_NAME = "$(TARGET_NAME)";
			};
			name = Release;
		};
		698E36AB1B2258E200B2AD03 /* Debug */ = {
			isa = XCBuildConfiguration;
			buildSettings = {
				BUNDLE_LOADER = "$(TEST_HOST)";
				FRAMEWORK_SEARCH_PATHS = (
					"$(SDKROOT)/Developer/Library/Frameworks",
					"$(inherited)",
				);
				GCC_PREPROCESSOR_DEFINITIONS = (
					"DEBUG=1",
					"$(inherited)",
				);
				INFOPLIST_FILE = ReceiptRegisterTests/Info.plist;
				LD_RUNPATH_SEARCH_PATHS = "$(inherited) @executable_path/Frameworks @loader_path/Frameworks";
				PRODUCT_NAME = "$(TARGET_NAME)";
				TEST_HOST = "$(BUILT_PRODUCTS_DIR)/ReceiptRegister.app/ReceiptRegister";
			};
			name = Debug;
		};
		698E36AC1B2258E200B2AD03 /* Release */ = {
			isa = XCBuildConfiguration;
			buildSettings = {
				BUNDLE_LOADER = "$(TEST_HOST)";
				FRAMEWORK_SEARCH_PATHS = (
					"$(SDKROOT)/Developer/Library/Frameworks",
					"$(inherited)",
				);
				INFOPLIST_FILE = ReceiptRegisterTests/Info.plist;
				LD_RUNPATH_SEARCH_PATHS = "$(inherited) @executable_path/Frameworks @loader_path/Frameworks";
				PRODUCT_NAME = "$(TARGET_NAME)";
				TEST_HOST = "$(BUILT_PRODUCTS_DIR)/ReceiptRegister.app/ReceiptRegister";
			};
			name = Release;
		};
/* End XCBuildConfiguration section */

/* Begin XCConfigurationList section */
		698E367F1B2258E200B2AD03 /* Build configuration list for PBXProject "ReceiptRegister" */ = {
			isa = XCConfigurationList;
			buildConfigurations = (
				698E36A51B2258E200B2AD03 /* Debug */,
				698E36A61B2258E200B2AD03 /* Release */,
			);
			defaultConfigurationIsVisible = 0;
			defaultConfigurationName = Release;
		};
		698E36A71B2258E200B2AD03 /* Build configuration list for PBXNativeTarget "ReceiptRegister" */ = {
			isa = XCConfigurationList;
			buildConfigurations = (
				698E36A81B2258E200B2AD03 /* Debug */,
				698E36A91B2258E200B2AD03 /* Release */,
			);
			defaultConfigurationIsVisible = 0;
			defaultConfigurationName = Release;
		};
		698E36AA1B2258E200B2AD03 /* Build configuration list for PBXNativeTarget "ReceiptRegisterTests" */ = {
			isa = XCConfigurationList;
			buildConfigurations = (
				698E36AB1B2258E200B2AD03 /* Debug */,
				698E36AC1B2258E200B2AD03 /* Release */,
			);
			defaultConfigurationIsVisible = 0;
			defaultConfigurationName = Release;
		};
/* End XCConfigurationList section */
	};
	rootObject = 698E367C1B2258E200B2AD03 /* Project object */;
}
